
Microsoft Visual Studio Solution File, Format Version 12.00
# Visual Studio Version 16
VisualStudioVersion = 16.0.30907.101
MinimumVisualStudioVersion = 10.0.40219.1
Project("{888888A0-9F3D-457C-B088-3A5042F75D52}") = "MyProject", "MyProject\MyProject.pyproj", "{F6CAA0C6-950C-462F-A881-F52D83C96DA7}"
EndProject
Global
	GlobalSection(SolutionConfigurationPlatforms) = preSolution
		Debug|Any CPU = Debug|Any CPU
		Release|Any CPU = Release|Any CPU
	EndGlobalSection
	GlobalSection(ProjectConfigurationPlatforms) = postSolution
		{F6CAA0C6-950C-462F-A881-F52D83C96DA7}.Debug|Any CPU.ActiveCfg = Debug|Any CPU
		{F6CAA0C6-950C-462F-A881-F52D83C96DA7}.Release|Any CPU.ActiveCfg = Release|Any CPU
	EndGlobalSection
	GlobalSection(SolutionProperties) = preSolution
		HideSolutionNode = FALSE
	EndGlobalSection
	GlobalSection(ExtensibilityGlobals) = postSolution
		SolutionGuid = {172EFEB6-E4C3-47A7-8173-E884D68898C0}
	EndGlobalSection
EndGlobal
